
Microsoft Visual Studio Solution File, Format Version 12.00
# Visual Studio Version 17
VisualStudioVersion = 17.11.35327.3
MinimumVisualStudioVersion = 10.0.40219.1
Project("{FAE04EC0-301F-11D3-BF4B-00C04F79EFBC}") = "Lesson6", "Lesson6\Lesson6.csproj", "{462E3BD8-A1C0-476C-9E66-88749F07D461}"
EndProject
Global
	GlobalSection(SolutionConfigurationPlatforms) = preSolution
		Debug|Any CPU = Debug|Any CPU
		Release|Any CPU = Release|Any CPU
	EndGlobalSection
	GlobalSection(ProjectConfigurationPlatforms) = postSolution
		{462E3BD8-A1C0-476C-9E66-88749F07D461}.Debug|Any CPU.ActiveCfg = Debug|Any CPU
		{462E3BD8-A1C0-476C-9E66-88749F07D461}.Debug|Any CPU.Build.0 = Debug|Any CPU
		{462E3BD8-A1C0-476C-9E66-88749F07D461}.Release|Any CPU.ActiveCfg = Release|Any CPU
		{462E3BD8-A1C0-476C-9E66-88749F07D461}.Release|Any CPU.Build.0 = Release|Any CPU
	EndGlobalSection
	GlobalSection(SolutionProperties) = preSolution
		HideSolutionNode = FALSE
	EndGlobalSection
	GlobalSection(ExtensibilityGlobals) = postSolution
		SolutionGuid = {D0BCADD2-D74B-4C09-A891-FE9AE9F5DBBE}
	EndGlobalSection
EndGlobal
